
Microsoft Visual Studio Solution File, Format Version 12.00
# Visual Studio Version 16
VisualStudioVersion = 25.0.1705.4
MinimumVisualStudioVersion = 10.0.40219.1
Project("{2150E333-8FDC-42A3-9474-1A3956D46DE8}") = "ios", "ios", "{414BEE4C-2B53-436C-9B47-5C099CE6A043}"
EndProject
Project("{2150E333-8FDC-42A3-9474-1A3956D46DE8}") = "android", "android", "{AC93951E-DA94-4647-921E-47B6E28426F2}"
EndProject
Global
	GlobalSection(SolutionConfigurationPlatforms) = preSolution
	EndGlobalSection
	GlobalSection(ProjectConfigurationPlatforms) = postSolution
	EndGlobalSection
	GlobalSection(SolutionProperties) = preSolution
		HideSolutionNode = FALSE
	EndGlobalSection
	GlobalSection(ExtensibilityGlobals) = postSolution
		SolutionGuid = {6FA06875-7756-4F4E-9ECC-F437AD66EFD7}
	EndGlobalSection
EndGlobal
